
Microsoft Visual Studio Solution File, Format Version 12.00
# Visual Studio 15
VisualStudioVersion = 15.0.26124.0
MinimumVisualStudioVersion = 15.0.26124.0
Project("{FAE04EC0-301F-11D3-BF4B-00C04F79EFBC}") = "QuickBuy.Dominio", "QuickBuy.Dominio\QuickBuy.Dominio.csproj", "{AE359601-18A1-4152-9F64-E17138E33148}"
EndProject
Project("{FAE04EC0-301F-11D3-BF4B-00C04F79EFBC}") = "QuickBuy.Repositorio", "QuickBuy.Repositorio\QuickBuy.Repositorio.csproj", "{AF011E29-B740-4D06-9D2D-5C47E6D87EBB}"
EndProject
Project("{FAE04EC0-301F-11D3-BF4B-00C04F79EFBC}") = "QuickBuy.Web", "QuickBuy.Web\QuickBuy.Web.csproj", "{27C1D366-D793-4AC7-8B7C-0357B9318863}"
EndProject
Global
	GlobalSection(SolutionConfigurationPlatforms) = preSolution
		Debug|Any CPU = Debug|Any CPU
		Debug|x64 = Debug|x64
		Debug|x86 = Debug|x86
		Release|Any CPU = Release|Any CPU
		Release|x64 = Release|x64
		Release|x86 = Release|x86
	EndGlobalSection
	GlobalSection(SolutionProperties) = preSolution
		HideSolutionNode = FALSE
	EndGlobalSection
	GlobalSection(ProjectConfigurationPlatforms) = postSolution
		{AE359601-18A1-4152-9F64-E17138E33148}.Debug|Any CPU.ActiveCfg = Debug|Any CPU
		{AE359601-18A1-4152-9F64-E17138E33148}.Debug|Any CPU.Build.0 = Debug|Any CPU
		{AE359601-18A1-4152-9F64-E17138E33148}.Debug|x64.ActiveCfg = Debug|Any CPU
		{AE359601-18A1-4152-9F64-E17138E33148}.Debug|x64.Build.0 = Debug|Any CPU
		{AE359601-18A1-4152-9F64-E17138E33148}.Debug|x86.ActiveCfg = Debug|Any CPU
		{AE359601-18A1-4152-9F64-E17138E33148}.Debug|x86.Build.0 = Debug|Any CPU
		{AE359601-18A1-4152-9F64-E17138E33148}.Release|Any CPU.ActiveCfg = Release|Any CPU
		{AE359601-18A1-4152-9F64-E17138E33148}.Release|Any CPU.Build.0 = Release|Any CPU
		{AE359601-18A1-4152-9F64-E17138E33148}.Release|x64.ActiveCfg = Release|Any CPU
		{AE359601-18A1-4152-9F64-E17138E33148}.Release|x64.Build.0 = Release|Any CPU
		{AE359601-18A1-4152-9F64-E17138E33148}.Release|x86.ActiveCfg = Release|Any CPU
		{AE359601-18A1-4152-9F64-E17138E33148}.Release|x86.Build.0 = Release|Any CPU
		{AF011E29-B740-4D06-9D2D-5C47E6D87EBB}.Debug|Any CPU.ActiveCfg = Debug|Any CPU
		{AF011E29-B740-4D06-9D2D-5C47E6D87EBB}.Debug|Any CPU.Build.0 = Debug|Any CPU
		{AF011E29-B740-4D06-9D2D-5C47E6D87EBB}.Debug|x64.ActiveCfg = Debug|Any CPU
		{AF011E29-B740-4D06-9D2D-5C47E6D87EBB}.Debug|x64.Build.0 = Debug|Any CPU
		{AF011E29-B740-4D06-9D2D-5C47E6D87EBB}.Debug|x86.ActiveCfg = Debug|Any CPU
		{AF011E29-B740-4D06-9D2D-5C47E6D87EBB}.Debug|x86.Build.0 = Debug|Any CPU
		{AF011E29-B740-4D06-9D2D-5C47E6D87EBB}.Release|Any CPU.ActiveCfg = Release|Any CPU
		{AF011E29-B740-4D06-9D2D-5C47E6D87EBB}.Release|Any CPU.Build.0 = Release|Any CPU
		{AF011E29-B740-4D06-9D2D-5C47E6D87EBB}.Release|x64.ActiveCfg = Release|Any CPU
		{AF011E29-B740-4D06-9D2D-5C47E6D87EBB}.Release|x64.Build.0 = Release|Any CPU
		{AF011E29-B740-4D06-9D2D-5C47E6D87EBB}.Release|x86.ActiveCfg = Release|Any CPU
		{AF011E29-B740-4D06-9D2D-5C47E6D87EBB}.Release|x86.Build.0 = Release|Any CPU
		{27C1D366-D793-4AC7-8B7C-0357B9318863}.Debug|Any CPU.ActiveCfg = Debug|Any CPU
		{27C1D366-D793-4AC7-8B7C-0357B9318863}.Debug|Any CPU.Build.0 = Debug|Any CPU
		{27C1D366-D793-4AC7-8B7C-0357B9318863}.Debug|x64.ActiveCfg = Debug|Any CPU
		{27C1D366-D793-4AC7-8B7C-0357B9318863}.Debug|x64.Build.0 = Debug|Any CPU
		{27C1D366-D793-4AC7-8B7C-0357B9318863}.Debug|x86.ActiveCfg = Debug|Any CPU
		{27C1D366-D793-4AC7-8B7C-0357B9318863}.Debug|x86.Build.0 = Debug|Any CPU
		{27C1D366-D793-4AC7-8B7C-0357B9318863}.Release|Any CPU.ActiveCfg = Release|Any CPU
		{27C1D366-D793-4AC7-8B7C-0357B9318863}.Release|Any CPU.Build.0 = Release|Any CPU
		{27C1D366-D793-4AC7-8B7C-0357B9318863}.Release|x64.ActiveCfg = Release|Any CPU
		{27C1D366-D793-4AC7-8B7C-0357B9318863}.Release|x64.Build.0 = Release|Any CPU
		{27C1D366-D793-4AC7-8B7C-0357B9318863}.Release|x86.ActiveCfg = Release|Any CPU
		{27C1D366-D793-4AC7-8B7C-0357B9318863}.Release|x86.Build.0 = Release|Any CPU
	EndGlobalSection
EndGlobal
